// !$*UTF8*$!
{
	archiveVersion = 1;
	classes = {
	};
	objectVersion = 77;
	objects = {

/* Begin PBXBuildFile section */
		FC0ADA502E26057000A4D0F6 /* EmojiTapper Watch App.app in Embed Watch Content */ = {isa = PBXBuildFile; fileRef = FC0ADA4F2E26057000A4D0F6 /* EmojiTapper Watch App.app */; settings = {ATTRIBUTES = (RemoveHeadersOnCopy, ); }; };
		FC7910C52E458EDB00F1EAB4 /* GameLevel.swift in Sources */ = {isa = PBXBuildFile; fileRef = FC7910C22E458EDB00F1EAB4 /* GameLevel.swift */; };
		FC7910C62E458EDB00F1EAB4 /* GameEmoji.swift in Sources */ = {isa = PBXBuildFile; fileRef = FC7910C12E458EDB00F1EAB4 /* GameEmoji.swift */; };
		FC7910C72E458EDB00F1EAB4 /* PlatformGameState.swift in Sources */ = {isa = PBXBuildFile; fileRef = FC7910BF2E458EDB00F1EAB4 /* PlatformGameState.swift */; };
		FC7910C82E458EDB00F1EAB4 /* GameEngine.swift in Sources */ = {isa = PBXBuildFile; fileRef = FC7910BE2E458EDB00F1EAB4 /* GameEngine.swift */; };
		FC7910C92E458EDB00F1EAB4 /* GameLevel.swift in Sources */ = {isa = PBXBuildFile; fileRef = FC7910C22E458EDB00F1EAB4 /* GameLevel.swift */; };
		FC7910CA2E458EDB00F1EAB4 /* GameEmoji.swift in Sources */ = {isa = PBXBuildFile; fileRef = FC7910C12E458EDB00F1EAB4 /* GameEmoji.swift */; };
		FC7910CB2E458EDB00F1EAB4 /* PlatformGameState.swift in Sources */ = {isa = PBXBuildFile; fileRef = FC7910BF2E458EDB00F1EAB4 /* PlatformGameState.swift */; };
		FC7910CC2E458EDB00F1EAB4 /* GameEngine.swift in Sources */ = {isa = PBXBuildFile; fileRef = FC7910BE2E458EDB00F1EAB4 /* GameEngine.swift */; };
		FC7910CF2E45954300F1EAB4 /* PenguinBallEngine.swift in Sources */ = {isa = PBXBuildFile; fileRef = FC7910CE2E45954300F1EAB4 /* PenguinBallEngine.swift */; };
		FC7910D02E45954300F1EAB4 /* ClassicGameEngine.swift in Sources */ = {isa = PBXBuildFile; fileRef = FC7910CD2E45954300F1EAB4 /* ClassicGameEngine.swift */; };
		FC7910D12E45954300F1EAB4 /* PenguinBallEngine.swift in Sources */ = {isa = PBXBuildFile; fileRef = FC7910CE2E45954300F1EAB4 /* PenguinBallEngine.swift */; };
		FC7910D22E45954300F1EAB4 /* ClassicGameEngine.swift in Sources */ = {isa = PBXBuildFile; fileRef = FC7910CD2E45954300F1EAB4 /* ClassicGameEngine.swift */; };
		FC7910D42E45955200F1EAB4 /* GameMode.swift in Sources */ = {isa = PBXBuildFile; fileRef = FC7910D32E45955200F1EAB4 /* GameMode.swift */; };
		FC7910D52E45955200F1EAB4 /* GameMode.swift in Sources */ = {isa = PBXBuildFile; fileRef = FC7910D32E45955200F1EAB4 /* GameMode.swift */; };
		FC7910D72E4599F800F1EAB4 /* AnimatedEmoji.swift in Sources */ = {isa = PBXBuildFile; fileRef = FC7910D62E4599F800F1EAB4 /* AnimatedEmoji.swift */; };
		FC7910D82E4599F800F1EAB4 /* AnimatedEmoji.swift in Sources */ = {isa = PBXBuildFile; fileRef = FC7910D62E4599F800F1EAB4 /* AnimatedEmoji.swift */; };
		FC7910DB2E459A2E00F1EAB4 /* AnimatedEmojiView.swift in Sources */ = {isa = PBXBuildFile; fileRef = FC7910D92E459A2E00F1EAB4 /* AnimatedEmojiView.swift */; };
		FC7910DC2E459A2E00F1EAB4 /* AnimatedEmojiView.swift in Sources */ = {isa = PBXBuildFile; fileRef = FC7910D92E459A2E00F1EAB4 /* AnimatedEmojiView.swift */; };
		FC7910DE2E459BFB00F1EAB4 /* CelebratingPenguinView.swift in Sources */ = {isa = PBXBuildFile; fileRef = FC7910DD2E459BFB00F1EAB4 /* CelebratingPenguinView.swift */; };
		FC7910DF2E459BFB00F1EAB4 /* CelebratingPenguinView.swift in Sources */ = {isa = PBXBuildFile; fileRef = FC7910DD2E459BFB00F1EAB4 /* CelebratingPenguinView.swift */; };
		FC7910E12E459E4100F1EAB4 /* GameEndScreen.swift in Sources */ = {isa = PBXBuildFile; fileRef = FC7910E02E459E4100F1EAB4 /* GameEndScreen.swift */; };
		FC7910E22E459E4100F1EAB4 /* GameEndScreen.swift in Sources */ = {isa = PBXBuildFile; fileRef = FC7910E02E459E4100F1EAB4 /* GameEndScreen.swift */; };
		FC7910E42E45A15F00F1EAB4 /* AnimatedPositionChangeView.swift in Sources */ = {isa = PBXBuildFile; fileRef = FC7910E32E45A15F00F1EAB4 /* AnimatedPositionChangeView.swift */; };
		FC7910E52E45A15F00F1EAB4 /* AnimatedPositionChangeView.swift in Sources */ = {isa = PBXBuildFile; fileRef = FC7910E32E45A15F00F1EAB4 /* AnimatedPositionChangeView.swift */; };
		FC7910E72E45A16400F1EAB4 /* AnimatedPositionChange.swift in Sources */ = {isa = PBXBuildFile; fileRef = FC7910E62E45A16400F1EAB4 /* AnimatedPositionChange.swift */; };
		FC7910E82E45A16400F1EAB4 /* AnimatedPositionChange.swift in Sources */ = {isa = PBXBuildFile; fileRef = FC7910E62E45A16400F1EAB4 /* AnimatedPositionChange.swift */; };
		FC79110F2E463E7A00F1EAB4 /* DancingEmojiView.swift in Sources */ = {isa = PBXBuildFile; fileRef = FC79110E2E463E7A00F1EAB4 /* DancingEmojiView.swift */; };
		FC7911102E463E7A00F1EAB4 /* DancingEmojiView.swift in Sources */ = {isa = PBXBuildFile; fileRef = FC79110E2E463E7A00F1EAB4 /* DancingEmojiView.swift */; };
		FC7911412E464D4300F1EAB4 /* macOSEmojiPositioner.swift in Sources */ = {isa = PBXBuildFile; fileRef = FC7911402E464D4300F1EAB4 /* macOSEmojiPositioner.swift */; };
		FC7911422E464D4300F1EAB4 /* macOSEmojiPositioner.swift in Sources */ = {isa = PBXBuildFile; fileRef = FC7911402E464D4300F1EAB4 /* macOSEmojiPositioner.swift */; };
		FC7911432E464D4300F1EAB4 /* macOSEmojiPositioner.swift in Sources */ = {isa = PBXBuildFile; fileRef = FC7911402E464D4300F1EAB4 /* macOSEmojiPositioner.swift */; };
		FC7911442E464D9A00F1EAB4 /* ClassicGameEngine.swift in Sources */ = {isa = PBXBuildFile; fileRef = FC7910CD2E45954300F1EAB4 /* ClassicGameEngine.swift */; };
		FC7911452E464D9A00F1EAB4 /* PlatformGameState.swift in Sources */ = {isa = PBXBuildFile; fileRef = FC7910BF2E458EDB00F1EAB4 /* PlatformGameState.swift */; };
		FC7911462E464D9A00F1EAB4 /* GameEngine.swift in Sources */ = {isa = PBXBuildFile; fileRef = FC7910BE2E458EDB00F1EAB4 /* GameEngine.swift */; };
		FC7911472E464D9A00F1EAB4 /* PenguinBallEngine.swift in Sources */ = {isa = PBXBuildFile; fileRef = FC7910CE2E45954300F1EAB4 /* PenguinBallEngine.swift */; };
		FC7911482E464D9F00F1EAB4 /* GameEmoji.swift in Sources */ = {isa = PBXBuildFile; fileRef = FC7910C12E458EDB00F1EAB4 /* GameEmoji.swift */; };
		FC7911492E464D9F00F1EAB4 /* GameMode.swift in Sources */ = {isa = PBXBuildFile; fileRef = FC7910D32E45955200F1EAB4 /* GameMode.swift */; };
		FC79114A2E464D9F00F1EAB4 /* GameLevel.swift in Sources */ = {isa = PBXBuildFile; fileRef = FC7910C22E458EDB00F1EAB4 /* GameLevel.swift */; };
		FC79114B2E464D9F00F1EAB4 /* AnimatedPositionChange.swift in Sources */ = {isa = PBXBuildFile; fileRef = FC7910E62E45A16400F1EAB4 /* AnimatedPositionChange.swift */; };
		FC79114C2E464D9F00F1EAB4 /* AnimatedEmoji.swift in Sources */ = {isa = PBXBuildFile; fileRef = FC7910D62E4599F800F1EAB4 /* AnimatedEmoji.swift */; };
		FC79114D2E464DA400F1EAB4 /* AnimatedPositionChangeView.swift in Sources */ = {isa = PBXBuildFile; fileRef = FC7910E32E45A15F00F1EAB4 /* AnimatedPositionChangeView.swift */; };
		FC79114E2E464DA400F1EAB4 /* GameEndScreen.swift in Sources */ = {isa = PBXBuildFile; fileRef = FC7910E02E459E4100F1EAB4 /* GameEndScreen.swift */; };
		FC79114F2E464DA400F1EAB4 /* CelebratingPenguinView.swift in Sources */ = {isa = PBXBuildFile; fileRef = FC7910DD2E459BFB00F1EAB4 /* CelebratingPenguinView.swift */; };
		FC7911502E464DA400F1EAB4 /* AnimatedEmojiView.swift in Sources */ = {isa = PBXBuildFile; fileRef = FC7910D92E459A2E00F1EAB4 /* AnimatedEmojiView.swift */; };
		FC7911512E464DA400F1EAB4 /* DancingEmojiView.swift in Sources */ = {isa = PBXBuildFile; fileRef = FC79110E2E463E7A00F1EAB4 /* DancingEmojiView.swift */; };
		FC7911532E464EFC00F1EAB4 /* HighScoreResetView.swift in Sources */ = {isa = PBXBuildFile; fileRef = FC7911522E464EFC00F1EAB4 /* HighScoreResetView.swift */; };
		FC7911542E464EFC00F1EAB4 /* HighScoreResetView.swift in Sources */ = {isa = PBXBuildFile; fileRef = FC7911522E464EFC00F1EAB4 /* HighScoreResetView.swift */; };
		FC7911552E464EFC00F1EAB4 /* HighScoreResetView.swift in Sources */ = {isa = PBXBuildFile; fileRef = FC7911522E464EFC00F1EAB4 /* HighScoreResetView.swift */; };
		FC7911572E465E5F00F1EAB4 /* LeaderboardView.swift in Sources */ = {isa = PBXBuildFile; fileRef = FC7911562E465E5F00F1EAB4 /* LeaderboardView.swift */; };
		FC7911582E465E5F00F1EAB4 /* LeaderboardView.swift in Sources */ = {isa = PBXBuildFile; fileRef = FC7911562E465E5F00F1EAB4 /* LeaderboardView.swift */; };
		FC7911592E465E5F00F1EAB4 /* LeaderboardView.swift in Sources */ = {isa = PBXBuildFile; fileRef = FC7911562E465E5F00F1EAB4 /* LeaderboardView.swift */; };
		FC79115B2E465E6C00F1EAB4 /* LeaderboardModels.swift in Sources */ = {isa = PBXBuildFile; fileRef = FC79115A2E465E6C00F1EAB4 /* LeaderboardModels.swift */; };
		FC79115C2E465E6C00F1EAB4 /* LeaderboardModels.swift in Sources */ = {isa = PBXBuildFile; fileRef = FC79115A2E465E6C00F1EAB4 /* LeaderboardModels.swift */; };
		FC79115D2E465E6C00F1EAB4 /* LeaderboardModels.swift in Sources */ = {isa = PBXBuildFile; fileRef = FC79115A2E465E6C00F1EAB4 /* LeaderboardModels.swift */; };
		FC7911602E465EB300F1EAB4 /* LeaderboardService.swift in Sources */ = {isa = PBXBuildFile; fileRef = FC79115E2E465EB300F1EAB4 /* LeaderboardService.swift */; };
		FC7911612E465EB300F1EAB4 /* LeaderboardService.swift in Sources */ = {isa = PBXBuildFile; fileRef = FC79115E2E465EB300F1EAB4 /* LeaderboardService.swift */; };
		FC7911622E465EB300F1EAB4 /* LeaderboardService.swift in Sources */ = {isa = PBXBuildFile; fileRef = FC79115E2E465EB300F1EAB4 /* LeaderboardService.swift */; };
/* End PBXBuildFile section */

/* Begin PBXContainerItemProxy section */
		FC0ADA512E26057000A4D0F6 /* PBXContainerItemProxy */ = {
			isa = PBXContainerItemProxy;
			containerPortal = FC0ADA432E26057000A4D0F6 /* Project object */;
			proxyType = 1;
			remoteGlobalIDString = FC0ADA4E2E26057000A4D0F6;
			remoteInfo = "EmojiTapper Watch App";
		};
		FC0ADA622E26057100A4D0F6 /* PBXContainerItemProxy */ = {
			isa = PBXContainerItemProxy;
			containerPortal = FC0ADA432E26057000A4D0F6 /* Project object */;
			proxyType = 1;
			remoteGlobalIDString = FC0ADA4E2E26057000A4D0F6;
			remoteInfo = "EmojiTapper Watch App";
		};
		FC0ADA6C2E26057100A4D0F6 /* PBXContainerItemProxy */ = {
			isa = PBXContainerItemProxy;
			containerPortal = FC0ADA432E26057000A4D0F6 /* Project object */;
			proxyType = 1;
			remoteGlobalIDString = FC0ADA4E2E26057000A4D0F6;
			remoteInfo = "EmojiTapper Watch App";
		};
		FC7910822E458C8400F1EAB4 /* PBXContainerItemProxy */ = {
			isa = PBXContainerItemProxy;
			containerPortal = FC0ADA432E26057000A4D0F6 /* Project object */;
			proxyType = 1;
			remoteGlobalIDString = FC7910712E458C8300F1EAB4;
			remoteInfo = EmojiTapperMobile;
		};
		FC79108C2E458C8400F1EAB4 /* PBXContainerItemProxy */ = {
			isa = PBXContainerItemProxy;
			containerPortal = FC0ADA432E26057000A4D0F6 /* Project object */;
			proxyType = 1;
			remoteGlobalIDString = FC7910712E458C8300F1EAB4;
			remoteInfo = EmojiTapperMobile;
		};
		FC7911262E464C2A00F1EAB4 /* PBXContainerItemProxy */ = {
			isa = PBXContainerItemProxy;
			containerPortal = FC0ADA432E26057000A4D0F6 /* Project object */;
			proxyType = 1;
			remoteGlobalIDString = FC7911142E464C2900F1EAB4;
			remoteInfo = EmojiTapperMac;
		};
		FC7911302E464C2A00F1EAB4 /* PBXContainerItemProxy */ = {
			isa = PBXContainerItemProxy;
			containerPortal = FC0ADA432E26057000A4D0F6 /* Project object */;
			proxyType = 1;
			remoteGlobalIDString = FC7911142E464C2900F1EAB4;
			remoteInfo = EmojiTapperMac;
		};
/* End PBXContainerItemProxy section */

/* Begin PBXCopyFilesBuildPhase section */
		FC0ADA782E26057100A4D0F6 /* Embed Watch Content */ = {
			isa = PBXCopyFilesBuildPhase;
			buildActionMask = 2147483647;
			dstPath = "$(CONTENTS_FOLDER_PATH)/Watch";
			dstSubfolderSpec = 16;
			files = (
				FC0ADA502E26057000A4D0F6 /* EmojiTapper Watch App.app in Embed Watch Content */,
			);
			name = "Embed Watch Content";
			runOnlyForDeploymentPostprocessing = 0;
		};
/* End PBXCopyFilesBuildPhase section */

/* Begin PBXFileReference section */
		FC0ADA492E26057000A4D0F6 /* EmojiTapper.app */ = {isa = PBXFileReference; explicitFileType = wrapper.application; includeInIndex = 0; path = EmojiTapper.app; sourceTree = BUILT_PRODUCTS_DIR; };
		FC0ADA4F2E26057000A4D0F6 /* EmojiTapper Watch App.app */ = {isa = PBXFileReference; explicitFileType = wrapper.application; includeInIndex = 0; path = "EmojiTapper Watch App.app"; sourceTree = BUILT_PRODUCTS_DIR; };
		FC0ADA612E26057100A4D0F6 /* EmojiTapper Watch AppTests.xctest */ = {isa = PBXFileReference; explicitFileType = wrapper.cfbundle; includeInIndex = 0; path = "EmojiTapper Watch AppTests.xctest"; sourceTree = BUILT_PRODUCTS_DIR; };
		FC0ADA6B2E26057100A4D0F6 /* EmojiTapper Watch AppUITests.xctest */ = {isa = PBXFileReference; explicitFileType = wrapper.cfbundle; includeInIndex = 0; path = "EmojiTapper Watch AppUITests.xctest"; sourceTree = BUILT_PRODUCTS_DIR; };
		FC7910722E458C8300F1EAB4 /* EmojiTapperMobile.app */ = {isa = PBXFileReference; explicitFileType = wrapper.application; includeInIndex = 0; path = EmojiTapperMobile.app; sourceTree = BUILT_PRODUCTS_DIR; };
		FC7910812E458C8400F1EAB4 /* EmojiTapperMobileTests.xctest */ = {isa = PBXFileReference; explicitFileType = wrapper.cfbundle; includeInIndex = 0; path = EmojiTapperMobileTests.xctest; sourceTree = BUILT_PRODUCTS_DIR; };
		FC79108B2E458C8400F1EAB4 /* EmojiTapperMobileUITests.xctest */ = {isa = PBXFileReference; explicitFileType = wrapper.cfbundle; includeInIndex = 0; path = EmojiTapperMobileUITests.xctest; sourceTree = BUILT_PRODUCTS_DIR; };
		FC7910BE2E458EDB00F1EAB4 /* GameEngine.swift */ = {isa = PBXFileReference; lastKnownFileType = sourcecode.swift; path = GameEngine.swift; sourceTree = "<group>"; };
		FC7910BF2E458EDB00F1EAB4 /* PlatformGameState.swift */ = {isa = PBXFileReference; lastKnownFileType = sourcecode.swift; path = PlatformGameState.swift; sourceTree = "<group>"; };
		FC7910C12E458EDB00F1EAB4 /* GameEmoji.swift */ = {isa = PBXFileReference; lastKnownFileType = sourcecode.swift; path = GameEmoji.swift; sourceTree = "<group>"; };
		FC7910C22E458EDB00F1EAB4 /* GameLevel.swift */ = {isa = PBXFileReference; lastKnownFileType = sourcecode.swift; path = GameLevel.swift; sourceTree = "<group>"; };
		FC7910CD2E45954300F1EAB4 /* ClassicGameEngine.swift */ = {isa = PBXFileReference; lastKnownFileType = sourcecode.swift; path = ClassicGameEngine.swift; sourceTree = "<group>"; };
		FC7910CE2E45954300F1EAB4 /* PenguinBallEngine.swift */ = {isa = PBXFileReference; lastKnownFileType = sourcecode.swift; path = PenguinBallEngine.swift; sourceTree = "<group>"; };
		FC7910D32E45955200F1EAB4 /* GameMode.swift */ = {isa = PBXFileReference; lastKnownFileType = sourcecode.swift; path = GameMode.swift; sourceTree = "<group>"; };
		FC7910D62E4599F800F1EAB4 /* AnimatedEmoji.swift */ = {isa = PBXFileReference; lastKnownFileType = sourcecode.swift; path = AnimatedEmoji.swift; sourceTree = "<group>"; };
		FC7910D92E459A2E00F1EAB4 /* AnimatedEmojiView.swift */ = {isa = PBXFileReference; lastKnownFileType = sourcecode.swift; path = AnimatedEmojiView.swift; sourceTree = "<group>"; };
		FC7910DD2E459BFB00F1EAB4 /* CelebratingPenguinView.swift */ = {isa = PBXFileReference; lastKnownFileType = sourcecode.swift; path = CelebratingPenguinView.swift; sourceTree = "<group>"; };
		FC7910E02E459E4100F1EAB4 /* GameEndScreen.swift */ = {isa = PBXFileReference; lastKnownFileType = sourcecode.swift; path = GameEndScreen.swift; sourceTree = "<group>"; };
		FC7910E32E45A15F00F1EAB4 /* AnimatedPositionChangeView.swift */ = {isa = PBXFileReference; lastKnownFileType = sourcecode.swift; path = AnimatedPositionChangeView.swift; sourceTree = "<group>"; };
		FC7910E62E45A16400F1EAB4 /* AnimatedPositionChange.swift */ = {isa = PBXFileReference; lastKnownFileType = sourcecode.swift; path = AnimatedPositionChange.swift; sourceTree = "<group>"; };
		FC79110E2E463E7A00F1EAB4 /* DancingEmojiView.swift */ = {isa = PBXFileReference; lastKnownFileType = sourcecode.swift; path = DancingEmojiView.swift; sourceTree = "<group>"; };
		FC7911152E464C2900F1EAB4 /* EmojiTapperMac.app */ = {isa = PBXFileReference; explicitFileType = wrapper.application; includeInIndex = 0; path = EmojiTapperMac.app; sourceTree = BUILT_PRODUCTS_DIR; };
		FC7911252E464C2A00F1EAB4 /* EmojiTapperMacTests.xctest */ = {isa = PBXFileReference; explicitFileType = wrapper.cfbundle; includeInIndex = 0; path = EmojiTapperMacTests.xctest; sourceTree = BUILT_PRODUCTS_DIR; };
		FC79112F2E464C2A00F1EAB4 /* EmojiTapperMacUITests.xctest */ = {isa = PBXFileReference; explicitFileType = wrapper.cfbundle; includeInIndex = 0; path = EmojiTapperMacUITests.xctest; sourceTree = BUILT_PRODUCTS_DIR; };
		FC7911402E464D4300F1EAB4 /* macOSEmojiPositioner.swift */ = {isa = PBXFileReference; lastKnownFileType = sourcecode.swift; path = macOSEmojiPositioner.swift; sourceTree = "<group>"; };
		FC7911522E464EFC00F1EAB4 /* HighScoreResetView.swift */ = {isa = PBXFileReference; lastKnownFileType = sourcecode.swift; path = HighScoreResetView.swift; sourceTree = "<group>"; };
		FC7911562E465E5F00F1EAB4 /* LeaderboardView.swift */ = {isa = PBXFileReference; lastKnownFileType = sourcecode.swift; path = LeaderboardView.swift; sourceTree = "<group>"; };
		FC79115A2E465E6C00F1EAB4 /* LeaderboardModels.swift */ = {isa = PBXFileReference; lastKnownFileType = sourcecode.swift; path = LeaderboardModels.swift; sourceTree = "<group>"; };
		FC79115E2E465EB300F1EAB4 /* LeaderboardService.swift */ = {isa = PBXFileReference; lastKnownFileType = sourcecode.swift; path = LeaderboardService.swift; sourceTree = "<group>"; };
/* End PBXFileReference section */

/* Begin PBXFileSystemSynchronizedRootGroup section */
		FC0ADA532E26057000A4D0F6 /* EmojiTapper Watch App */ = {
			isa = PBXFileSystemSynchronizedRootGroup;
			path = "EmojiTapper Watch App";
			sourceTree = "<group>";
		};
		FC0ADA642E26057100A4D0F6 /* EmojiTapper Watch AppTests */ = {
			isa = PBXFileSystemSynchronizedRootGroup;
			path = "EmojiTapper Watch AppTests";
			sourceTree = "<group>";
		};
		FC0ADA6E2E26057100A4D0F6 /* EmojiTapper Watch AppUITests */ = {
			isa = PBXFileSystemSynchronizedRootGroup;
			path = "EmojiTapper Watch AppUITests";
			sourceTree = "<group>";
		};
		FC7910732E458C8300F1EAB4 /* EmojiTapperMobile */ = {
			isa = PBXFileSystemSynchronizedRootGroup;
			path = EmojiTapperMobile;
			sourceTree = "<group>";
		};
		FC7910842E458C8400F1EAB4 /* EmojiTapperMobileTests */ = {
			isa = PBXFileSystemSynchronizedRootGroup;
			path = EmojiTapperMobileTests;
			sourceTree = "<group>";
		};
		FC79108E2E458C8400F1EAB4 /* EmojiTapperMobileUITests */ = {
			isa = PBXFileSystemSynchronizedRootGroup;
			path = EmojiTapperMobileUITests;
			sourceTree = "<group>";
		};
		FC7911162E464C2900F1EAB4 /* EmojiTapperMac */ = {
			isa = PBXFileSystemSynchronizedRootGroup;
			path = EmojiTapperMac;
			sourceTree = "<group>";
		};
		FC7911282E464C2A00F1EAB4 /* EmojiTapperMacTests */ = {
			isa = PBXFileSystemSynchronizedRootGroup;
			path = EmojiTapperMacTests;
			sourceTree = "<group>";
		};
		FC7911322E464C2A00F1EAB4 /* EmojiTapperMacUITests */ = {
			isa = PBXFileSystemSynchronizedRootGroup;
			path = EmojiTapperMacUITests;
			sourceTree = "<group>";
		};
/* End PBXFileSystemSynchronizedRootGroup section */

/* Begin PBXFrameworksBuildPhase section */
		FC0ADA4C2E26057000A4D0F6 /* Frameworks */ = {
			isa = PBXFrameworksBuildPhase;
			buildActionMask = 2147483647;
			files = (
			);
			runOnlyForDeploymentPostprocessing = 0;
		};
		FC0ADA5E2E26057100A4D0F6 /* Frameworks */ = {
			isa = PBXFrameworksBuildPhase;
			buildActionMask = 2147483647;
			files = (
			);
			runOnlyForDeploymentPostprocessing = 0;
		};
		FC0ADA682E26057100A4D0F6 /* Frameworks */ = {
			isa = PBXFrameworksBuildPhase;
			buildActionMask = 2147483647;
			files = (
			);
			runOnlyForDeploymentPostprocessing = 0;
		};
		FC79106F2E458C8300F1EAB4 /* Frameworks */ = {
			isa = PBXFrameworksBuildPhase;
			buildActionMask = 2147483647;
			files = (
			);
			runOnlyForDeploymentPostprocessing = 0;
		};
		FC79107E2E458C8400F1EAB4 /* Frameworks */ = {
			isa = PBXFrameworksBuildPhase;
			buildActionMask = 2147483647;
			files = (
			);
			runOnlyForDeploymentPostprocessing = 0;
		};
		FC7910882E458C8400F1EAB4 /* Frameworks */ = {
			isa = PBXFrameworksBuildPhase;
			buildActionMask = 2147483647;
			files = (
			);
			runOnlyForDeploymentPostprocessing = 0;
		};
		FC7911122E464C2900F1EAB4 /* Frameworks */ = {
			isa = PBXFrameworksBuildPhase;
			buildActionMask = 2147483647;
			files = (
			);
			runOnlyForDeploymentPostprocessing = 0;
		};
		FC7911222E464C2A00F1EAB4 /* Frameworks */ = {
			isa = PBXFrameworksBuildPhase;
			buildActionMask = 2147483647;
			files = (
			);
			runOnlyForDeploymentPostprocessing = 0;
		};
		FC79112C2E464C2A00F1EAB4 /* Frameworks */ = {
			isa = PBXFrameworksBuildPhase;
			buildActionMask = 2147483647;
			files = (
			);
			runOnlyForDeploymentPostprocessing = 0;
		};
/* End PBXFrameworksBuildPhase section */

/* Begin PBXGroup section */
		FC0ADA422E26057000A4D0F6 = {
			isa = PBXGroup;
			children = (
				FC0ADA532E26057000A4D0F6 /* EmojiTapper Watch App */,
				FC0ADA642E26057100A4D0F6 /* EmojiTapper Watch AppTests */,
				FC0ADA6E2E26057100A4D0F6 /* EmojiTapper Watch AppUITests */,
				FC7910732E458C8300F1EAB4 /* EmojiTapperMobile */,
				FC7910842E458C8400F1EAB4 /* EmojiTapperMobileTests */,
				FC79108E2E458C8400F1EAB4 /* EmojiTapperMobileUITests */,
				FC7910C42E458EDB00F1EAB4 /* Shared */,
				FC7911162E464C2900F1EAB4 /* EmojiTapperMac */,
				FC7911282E464C2A00F1EAB4 /* EmojiTapperMacTests */,
				FC7911322E464C2A00F1EAB4 /* EmojiTapperMacUITests */,
				FC0ADA4A2E26057000A4D0F6 /* Products */,
			);
			sourceTree = "<group>";
		};
		FC0ADA4A2E26057000A4D0F6 /* Products */ = {
			isa = PBXGroup;
			children = (
				FC0ADA492E26057000A4D0F6 /* EmojiTapper.app */,
				FC0ADA4F2E26057000A4D0F6 /* EmojiTapper Watch App.app */,
				FC0ADA612E26057100A4D0F6 /* EmojiTapper Watch AppTests.xctest */,
				FC0ADA6B2E26057100A4D0F6 /* EmojiTapper Watch AppUITests.xctest */,
				FC7910722E458C8300F1EAB4 /* EmojiTapperMobile.app */,
				FC7910812E458C8400F1EAB4 /* EmojiTapperMobileTests.xctest */,
				FC79108B2E458C8400F1EAB4 /* EmojiTapperMobileUITests.xctest */,
				FC7911152E464C2900F1EAB4 /* EmojiTapperMac.app */,
				FC7911252E464C2A00F1EAB4 /* EmojiTapperMacTests.xctest */,
				FC79112F2E464C2A00F1EAB4 /* EmojiTapperMacUITests.xctest */,
			);
			name = Products;
			sourceTree = "<group>";
		};
		FC7910C02E458EDB00F1EAB4 /* Game */ = {
			isa = PBXGroup;
			children = (
				FC7911402E464D4300F1EAB4 /* macOSEmojiPositioner.swift */,
				FC7910CD2E45954300F1EAB4 /* ClassicGameEngine.swift */,
				FC7910CE2E45954300F1EAB4 /* PenguinBallEngine.swift */,
				FC7910BE2E458EDB00F1EAB4 /* GameEngine.swift */,
				FC7910BF2E458EDB00F1EAB4 /* PlatformGameState.swift */,
			);
			path = Game;
			sourceTree = "<group>";
		};
		FC7910C32E458EDB00F1EAB4 /* Models */ = {
			isa = PBXGroup;
			children = (
				FC79115A2E465E6C00F1EAB4 /* LeaderboardModels.swift */,
				FC7910D62E4599F800F1EAB4 /* AnimatedEmoji.swift */,
				FC7910E62E45A16400F1EAB4 /* AnimatedPositionChange.swift */,
				FC7910C12E458EDB00F1EAB4 /* GameEmoji.swift */,
				FC7910C22E458EDB00F1EAB4 /* GameLevel.swift */,
				FC7910D32E45955200F1EAB4 /* GameMode.swift */,
			);
			path = Models;
			sourceTree = "<group>";
		};
		FC7910C42E458EDB00F1EAB4 /* Shared */ = {
			isa = PBXGroup;
			children = (
				FC7910C02E458EDB00F1EAB4 /* Game */,
				FC7910C32E458EDB00F1EAB4 /* Models */,
				FC7910DA2E459A2E00F1EAB4 /* Views */,
				FC79115F2E465EB300F1EAB4 /* Services */,
			);
			path = Shared;
			sourceTree = "<group>";
		};
		FC7910DA2E459A2E00F1EAB4 /* Views */ = {
			isa = PBXGroup;
			children = (
				FC7911562E465E5F00F1EAB4 /* LeaderboardView.swift */,
				FC7910E32E45A15F00F1EAB4 /* AnimatedPositionChangeView.swift */,
				FC7910D92E459A2E00F1EAB4 /* AnimatedEmojiView.swift */,
				FC7910DD2E459BFB00F1EAB4 /* CelebratingPenguinView.swift */,
				FC7910E02E459E4100F1EAB4 /* GameEndScreen.swift */,
				FC79110E2E463E7A00F1EAB4 /* DancingEmojiView.swift */,
				FC7911522E464EFC00F1EAB4 /* HighScoreResetView.swift */,
			);
			path = Views;
			sourceTree = "<group>";
		};
		FC79115F2E465EB300F1EAB4 /* Services */ = {
			isa = PBXGroup;
			children = (
				FC79115E2E465EB300F1EAB4 /* LeaderboardService.swift */,
			);
			path = Services;
			sourceTree = "<group>";
		};
/* End PBXGroup section */

/* Begin PBXNativeTarget section */
		FC0ADA482E26057000A4D0F6 /* EmojiTapper */ = {
			isa = PBXNativeTarget;
			buildConfigurationList = FC0ADA792E26057100A4D0F6 /* Build configuration list for PBXNativeTarget "EmojiTapper" */;
			buildPhases = (
				FC0ADA472E26057000A4D0F6 /* Resources */,
				FC0ADA782E26057100A4D0F6 /* Embed Watch Content */,
			);
			buildRules = (
			);
			dependencies = (
				FC0ADA522E26057000A4D0F6 /* PBXTargetDependency */,
			);
			name = EmojiTapper;
			packageProductDependencies = (
			);
			productName = EmojiTapper;
			productReference = FC0ADA492E26057000A4D0F6 /* EmojiTapper.app */;
			productType = "com.apple.product-type.application.watchapp2-container";
		};
		FC0ADA4E2E26057000A4D0F6 /* EmojiTapper Watch App */ = {
			isa = PBXNativeTarget;
			buildConfigurationList = FC0ADA752E26057100A4D0F6 /* Build configuration list for PBXNativeTarget "EmojiTapper Watch App" */;
			buildPhases = (
				FC0ADA4B2E26057000A4D0F6 /* Sources */,
				FC0ADA4C2E26057000A4D0F6 /* Frameworks */,
				FC0ADA4D2E26057000A4D0F6 /* Resources */,
			);
			buildRules = (
			);
			dependencies = (
			);
			fileSystemSynchronizedGroups = (
				FC0ADA532E26057000A4D0F6 /* EmojiTapper Watch App */,
			);
			name = "EmojiTapper Watch App";
			packageProductDependencies = (
			);
			productName = "EmojiTapper Watch App";
			productReference = FC0ADA4F2E26057000A4D0F6 /* EmojiTapper Watch App.app */;
			productType = "com.apple.product-type.application";
		};
		FC0ADA602E26057100A4D0F6 /* EmojiTapper Watch AppTests */ = {
			isa = PBXNativeTarget;
			buildConfigurationList = FC0ADA7C2E26057100A4D0F6 /* Build configuration list for PBXNativeTarget "EmojiTapper Watch AppTests" */;
			buildPhases = (
				FC0ADA5D2E26057100A4D0F6 /* Sources */,
				FC0ADA5E2E26057100A4D0F6 /* Frameworks */,
				FC0ADA5F2E26057100A4D0F6 /* Resources */,
			);
			buildRules = (
			);
			dependencies = (
				FC0ADA632E26057100A4D0F6 /* PBXTargetDependency */,
			);
			fileSystemSynchronizedGroups = (
				FC0ADA642E26057100A4D0F6 /* EmojiTapper Watch AppTests */,
			);
			name = "EmojiTapper Watch AppTests";
			packageProductDependencies = (
			);
			productName = "EmojiTapper Watch AppTests";
			productReference = FC0ADA612E26057100A4D0F6 /* EmojiTapper Watch AppTests.xctest */;
			productType = "com.apple.product-type.bundle.unit-test";
		};
		FC0ADA6A2E26057100A4D0F6 /* EmojiTapper Watch AppUITests */ = {
			isa = PBXNativeTarget;
			buildConfigurationList = FC0ADA7F2E26057100A4D0F6 /* Build configuration list for PBXNativeTarget "EmojiTapper Watch AppUITests" */;
			buildPhases = (
				FC0ADA672E26057100A4D0F6 /* Sources */,
				FC0ADA682E26057100A4D0F6 /* Frameworks */,
				FC0ADA692E26057100A4D0F6 /* Resources */,
			);
			buildRules = (
			);
			dependencies = (
				FC0ADA6D2E26057100A4D0F6 /* PBXTargetDependency */,
			);
			fileSystemSynchronizedGroups = (
				FC0ADA6E2E26057100A4D0F6 /* EmojiTapper Watch AppUITests */,
			);
			name = "EmojiTapper Watch AppUITests";
			packageProductDependencies = (
			);
			productName = "EmojiTapper Watch AppUITests";
			productReference = FC0ADA6B2E26057100A4D0F6 /* EmojiTapper Watch AppUITests.xctest */;
			productType = "com.apple.product-type.bundle.ui-testing";
		};
		FC7910712E458C8300F1EAB4 /* EmojiTapperMobile */ = {
			isa = PBXNativeTarget;
			buildConfigurationList = FC7910992E458C8400F1EAB4 /* Build configuration list for PBXNativeTarget "EmojiTapperMobile" */;
			buildPhases = (
				FC79106E2E458C8300F1EAB4 /* Sources */,
				FC79106F2E458C8300F1EAB4 /* Frameworks */,
				FC7910702E458C8300F1EAB4 /* Resources */,
			);
			buildRules = (
			);
			dependencies = (
			);
			fileSystemSynchronizedGroups = (
				FC7910732E458C8300F1EAB4 /* EmojiTapperMobile */,
			);
			name = EmojiTapperMobile;
			packageProductDependencies = (
			);
			productName = EmojiTapperMobile;
			productReference = FC7910722E458C8300F1EAB4 /* EmojiTapperMobile.app */;
			productType = "com.apple.product-type.application";
		};
		FC7910802E458C8400F1EAB4 /* EmojiTapperMobileTests */ = {
			isa = PBXNativeTarget;
			buildConfigurationList = FC79109A2E458C8400F1EAB4 /* Build configuration list for PBXNativeTarget "EmojiTapperMobileTests" */;
			buildPhases = (
				FC79107D2E458C8400F1EAB4 /* Sources */,
				FC79107E2E458C8400F1EAB4 /* Frameworks */,
				FC79107F2E458C8400F1EAB4 /* Resources */,
			);
			buildRules = (
			);
			dependencies = (
				FC7910832E458C8400F1EAB4 /* PBXTargetDependency */,
			);
			fileSystemSynchronizedGroups = (
				FC7910842E458C8400F1EAB4 /* EmojiTapperMobileTests */,
			);
			name = EmojiTapperMobileTests;
			packageProductDependencies = (
			);
			productName = EmojiTapperMobileTests;
			productReference = FC7910812E458C8400F1EAB4 /* EmojiTapperMobileTests.xctest */;
			productType = "com.apple.product-type.bundle.unit-test";
		};
		FC79108A2E458C8400F1EAB4 /* EmojiTapperMobileUITests */ = {
			isa = PBXNativeTarget;
			buildConfigurationList = FC79109B2E458C8400F1EAB4 /* Build configuration list for PBXNativeTarget "EmojiTapperMobileUITests" */;
			buildPhases = (
				FC7910872E458C8400F1EAB4 /* Sources */,
				FC7910882E458C8400F1EAB4 /* Frameworks */,
				FC7910892E458C8400F1EAB4 /* Resources */,
			);
			buildRules = (
			);
			dependencies = (
				FC79108D2E458C8400F1EAB4 /* PBXTargetDependency */,
			);
			fileSystemSynchronizedGroups = (
				FC79108E2E458C8400F1EAB4 /* EmojiTapperMobileUITests */,
			);
			name = EmojiTapperMobileUITests;
			packageProductDependencies = (
			);
			productName = EmojiTapperMobileUITests;
			productReference = FC79108B2E458C8400F1EAB4 /* EmojiTapperMobileUITests.xctest */;
			productType = "com.apple.product-type.bundle.ui-testing";
		};
		FC7911142E464C2900F1EAB4 /* EmojiTapperMac */ = {
			isa = PBXNativeTarget;
			buildConfigurationList = FC7911372E464C2A00F1EAB4 /* Build configuration list for PBXNativeTarget "EmojiTapperMac" */;
			buildPhases = (
				FC7911112E464C2900F1EAB4 /* Sources */,
				FC7911122E464C2900F1EAB4 /* Frameworks */,
				FC7911132E464C2900F1EAB4 /* Resources */,
			);
			buildRules = (
			);
			dependencies = (
			);
			fileSystemSynchronizedGroups = (
				FC7911162E464C2900F1EAB4 /* EmojiTapperMac */,
			);
			name = EmojiTapperMac;
			packageProductDependencies = (
			);
			productName = EmojiTapperMac;
			productReference = FC7911152E464C2900F1EAB4 /* EmojiTapperMac.app */;
			productType = "com.apple.product-type.application";
		};
		FC7911242E464C2A00F1EAB4 /* EmojiTapperMacTests */ = {
			isa = PBXNativeTarget;
			buildConfigurationList = FC79113A2E464C2A00F1EAB4 /* Build configuration list for PBXNativeTarget "EmojiTapperMacTests" */;
			buildPhases = (
				FC7911212E464C2A00F1EAB4 /* Sources */,
				FC7911222E464C2A00F1EAB4 /* Frameworks */,
				FC7911232E464C2A00F1EAB4 /* Resources */,
			);
			buildRules = (
			);
			dependencies = (
				FC7911272E464C2A00F1EAB4 /* PBXTargetDependency */,
			);
			fileSystemSynchronizedGroups = (
				FC7911282E464C2A00F1EAB4 /* EmojiTapperMacTests */,
			);
			name = EmojiTapperMacTests;
			packageProductDependencies = (
			);
			productName = EmojiTapperMacTests;
			productReference = FC7911252E464C2A00F1EAB4 /* EmojiTapperMacTests.xctest */;
			productType = "com.apple.product-type.bundle.unit-test";
		};
		FC79112E2E464C2A00F1EAB4 /* EmojiTapperMacUITests */ = {
			isa = PBXNativeTarget;
			buildConfigurationList = FC79113D2E464C2A00F1EAB4 /* Build configuration list for PBXNativeTarget "EmojiTapperMacUITests" */;
			buildPhases = (
				FC79112B2E464C2A00F1EAB4 /* Sources */,
				FC79112C2E464C2A00F1EAB4 /* Frameworks */,
				FC79112D2E464C2A00F1EAB4 /* Resources */,
			);
			buildRules = (
			);
			dependencies = (
				FC7911312E464C2A00F1EAB4 /* PBXTargetDependency */,
			);
			fileSystemSynchronizedGroups = (
				FC7911322E464C2A00F1EAB4 /* EmojiTapperMacUITests */,
			);
			name = EmojiTapperMacUITests;
			packageProductDependencies = (
			);
			productName = EmojiTapperMacUITests;
			productReference = FC79112F2E464C2A00F1EAB4 /* EmojiTapperMacUITests.xctest */;
			productType = "com.apple.product-type.bundle.ui-testing";
		};
/* End PBXNativeTarget section */

/* Begin PBXProject section */
		FC0ADA432E26057000A4D0F6 /* Project object */ = {
			isa = PBXProject;
			attributes = {
				BuildIndependentTargetsInParallel = 1;
				LastSwiftUpdateCheck = 1620;
				LastUpgradeCheck = 1620;
				TargetAttributes = {
					FC0ADA482E26057000A4D0F6 = {
						CreatedOnToolsVersion = 16.2;
					};
					FC0ADA4E2E26057000A4D0F6 = {
						CreatedOnToolsVersion = 16.2;
					};
					FC0ADA602E26057100A4D0F6 = {
						CreatedOnToolsVersion = 16.2;
						TestTargetID = FC0ADA4E2E26057000A4D0F6;
					};
					FC0ADA6A2E26057100A4D0F6 = {
						CreatedOnToolsVersion = 16.2;
						TestTargetID = FC0ADA4E2E26057000A4D0F6;
					};
					FC7910712E458C8300F1EAB4 = {
						CreatedOnToolsVersion = 16.2;
					};
					FC7910802E458C8400F1EAB4 = {
						CreatedOnToolsVersion = 16.2;
						TestTargetID = FC7910712E458C8300F1EAB4;
					};
					FC79108A2E458C8400F1EAB4 = {
						CreatedOnToolsVersion = 16.2;
						TestTargetID = FC7910712E458C8300F1EAB4;
					};
					FC7911142E464C2900F1EAB4 = {
						CreatedOnToolsVersion = 16.2;
					};
					FC7911242E464C2A00F1EAB4 = {
						CreatedOnToolsVersion = 16.2;
						TestTargetID = FC7911142E464C2900F1EAB4;
					};
					FC79112E2E464C2A00F1EAB4 = {
						CreatedOnToolsVersion = 16.2;
						TestTargetID = FC7911142E464C2900F1EAB4;
					};
				};
			};
			buildConfigurationList = FC0ADA462E26057000A4D0F6 /* Build configuration list for PBXProject "EmojiTapper" */;
			developmentRegion = en;
			hasScannedForEncodings = 0;
			knownRegions = (
				en,
				Base,
			);
			mainGroup = FC0ADA422E26057000A4D0F6;
			minimizedProjectReferenceProxies = 1;
			preferredProjectObjectVersion = 77;
			productRefGroup = FC0ADA4A2E26057000A4D0F6 /* Products */;
			projectDirPath = "";
			projectRoot = "";
			targets = (
				FC0ADA482E26057000A4D0F6 /* EmojiTapper */,
				FC0ADA4E2E26057000A4D0F6 /* EmojiTapper Watch App */,
				FC0ADA602E26057100A4D0F6 /* EmojiTapper Watch AppTests */,
				FC0ADA6A2E26057100A4D0F6 /* EmojiTapper Watch AppUITests */,
				FC7910712E458C8300F1EAB4 /* EmojiTapperMobile */,
				FC7910802E458C8400F1EAB4 /* EmojiTapperMobileTests */,
				FC79108A2E458C8400F1EAB4 /* EmojiTapperMobileUITests */,
				FC7911142E464C2900F1EAB4 /* EmojiTapperMac */,
				FC7911242E464C2A00F1EAB4 /* EmojiTapperMacTests */,
				FC79112E2E464C2A00F1EAB4 /* EmojiTapperMacUITests */,
			);
		};
/* End PBXProject section */

/* Begin PBXResourcesBuildPhase section */
		FC0ADA472E26057000A4D0F6 /* Resources */ = {
			isa = PBXResourcesBuildPhase;
			buildActionMask = 2147483647;
			files = (
			);
			runOnlyForDeploymentPostprocessing = 0;
		};
		FC0ADA4D2E26057000A4D0F6 /* Resources */ = {
			isa = PBXResourcesBuildPhase;
			buildActionMask = 2147483647;
			files = (
			);
			runOnlyForDeploymentPostprocessing = 0;
		};
		FC0ADA5F2E26057100A4D0F6 /* Resources */ = {
			isa = PBXResourcesBuildPhase;
			buildActionMask = 2147483647;
			files = (
			);
			runOnlyForDeploymentPostprocessing = 0;
		};
		FC0ADA692E26057100A4D0F6 /* Resources */ = {
			isa = PBXResourcesBuildPhase;
			buildActionMask = 2147483647;
			files = (
			);
			runOnlyForDeploymentPostprocessing = 0;
		};
		FC7910702E458C8300F1EAB4 /* Resources */ = {
			isa = PBXResourcesBuildPhase;
			buildActionMask = 2147483647;
			files = (
			);
			runOnlyForDeploymentPostprocessing = 0;
		};
		FC79107F2E458C8400F1EAB4 /* Resources */ = {
			isa = PBXResourcesBuildPhase;
			buildActionMask = 2147483647;
			files = (
			);
			runOnlyForDeploymentPostprocessing = 0;
		};
		FC7910892E458C8400F1EAB4 /* Resources */ = {
			isa = PBXResourcesBuildPhase;
			buildActionMask = 2147483647;
			files = (
			);
			runOnlyForDeploymentPostprocessing = 0;
		};
		FC7911132E464C2900F1EAB4 /* Resources */ = {
			isa = PBXResourcesBuildPhase;
			buildActionMask = 2147483647;
			files = (
			);
			runOnlyForDeploymentPostprocessing = 0;
		};
		FC7911232E464C2A00F1EAB4 /* Resources */ = {
			isa = PBXResourcesBuildPhase;
			buildActionMask = 2147483647;
			files = (
			);
			runOnlyForDeploymentPostprocessing = 0;
		};
		FC79112D2E464C2A00F1EAB4 /* Resources */ = {
			isa = PBXResourcesBuildPhase;
			buildActionMask = 2147483647;
			files = (
			);
			runOnlyForDeploymentPostprocessing = 0;
		};
/* End PBXResourcesBuildPhase section */

/* Begin PBXSourcesBuildPhase section */
		FC0ADA4B2E26057000A4D0F6 /* Sources */ = {
			isa = PBXSourcesBuildPhase;
			buildActionMask = 2147483647;
			files = (
				FC7911582E465E5F00F1EAB4 /* LeaderboardView.swift in Sources */,
				FC7910D52E45955200F1EAB4 /* GameMode.swift in Sources */,
				FC7911412E464D4300F1EAB4 /* macOSEmojiPositioner.swift in Sources */,
				FC7910E52E45A15F00F1EAB4 /* AnimatedPositionChangeView.swift in Sources */,
				FC7910DF2E459BFB00F1EAB4 /* CelebratingPenguinView.swift in Sources */,
				FC7911542E464EFC00F1EAB4 /* HighScoreResetView.swift in Sources */,
				FC7910E12E459E4100F1EAB4 /* GameEndScreen.swift in Sources */,
				FC7910E72E45A16400F1EAB4 /* AnimatedPositionChange.swift in Sources */,
				FC7910C52E458EDB00F1EAB4 /* GameLevel.swift in Sources */,
				FC7910D82E4599F800F1EAB4 /* AnimatedEmoji.swift in Sources */,
				FC7910DC2E459A2E00F1EAB4 /* AnimatedEmojiView.swift in Sources */,
				FC79115B2E465E6C00F1EAB4 /* LeaderboardModels.swift in Sources */,
				FC7910C62E458EDB00F1EAB4 /* GameEmoji.swift in Sources */,
				FC7910C72E458EDB00F1EAB4 /* PlatformGameState.swift in Sources */,
				FC7911612E465EB300F1EAB4 /* LeaderboardService.swift in Sources */,
				FC7910C82E458EDB00F1EAB4 /* GameEngine.swift in Sources */,
				FC7910CF2E45954300F1EAB4 /* PenguinBallEngine.swift in Sources */,
				FC79110F2E463E7A00F1EAB4 /* DancingEmojiView.swift in Sources */,
				FC7910D02E45954300F1EAB4 /* ClassicGameEngine.swift in Sources */,
			);
			runOnlyForDeploymentPostprocessing = 0;
		};
		FC0ADA5D2E26057100A4D0F6 /* Sources */ = {
			isa = PBXSourcesBuildPhase;
			buildActionMask = 2147483647;
			files = (
			);
			runOnlyForDeploymentPostprocessing = 0;
		};
		FC0ADA672E26057100A4D0F6 /* Sources */ = {
			isa = PBXSourcesBuildPhase;
			buildActionMask = 2147483647;
			files = (
			);
			runOnlyForDeploymentPostprocessing = 0;
		};
		FC79106E2E458C8300F1EAB4 /* Sources */ = {
			isa = PBXSourcesBuildPhase;
			buildActionMask = 2147483647;
			files = (
				FC7911572E465E5F00F1EAB4 /* LeaderboardView.swift in Sources */,
				FC7910D42E45955200F1EAB4 /* GameMode.swift in Sources */,
				FC7910E42E45A15F00F1EAB4 /* AnimatedPositionChangeView.swift in Sources */,
				FC7910DE2E459BFB00F1EAB4 /* CelebratingPenguinView.swift in Sources */,
				FC7910E22E459E4100F1EAB4 /* GameEndScreen.swift in Sources */,
				FC7911432E464D4300F1EAB4 /* macOSEmojiPositioner.swift in Sources */,
				FC7910E82E45A16400F1EAB4 /* AnimatedPositionChange.swift in Sources */,
				FC7910C92E458EDB00F1EAB4 /* GameLevel.swift in Sources */,
				FC7911552E464EFC00F1EAB4 /* HighScoreResetView.swift in Sources */,
				FC7910D72E4599F800F1EAB4 /* AnimatedEmoji.swift in Sources */,
				FC7910DB2E459A2E00F1EAB4 /* AnimatedEmojiView.swift in Sources */,
				FC79115C2E465E6C00F1EAB4 /* LeaderboardModels.swift in Sources */,
				FC7910CA2E458EDB00F1EAB4 /* GameEmoji.swift in Sources */,
				FC7910CB2E458EDB00F1EAB4 /* PlatformGameState.swift in Sources */,
				FC7911602E465EB300F1EAB4 /* LeaderboardService.swift in Sources */,
				FC7910CC2E458EDB00F1EAB4 /* GameEngine.swift in Sources */,
				FC7910D12E45954300F1EAB4 /* PenguinBallEngine.swift in Sources */,
				FC7911102E463E7A00F1EAB4 /* DancingEmojiView.swift in Sources */,
				FC7910D22E45954300F1EAB4 /* ClassicGameEngine.swift in Sources */,
			);
			runOnlyForDeploymentPostprocessing = 0;
		};
		FC79107D2E458C8400F1EAB4 /* Sources */ = {
			isa = PBXSourcesBuildPhase;
			buildActionMask = 2147483647;
			files = (
			);
			runOnlyForDeploymentPostprocessing = 0;
		};
		FC7910872E458C8400F1EAB4 /* Sources */ = {
			isa = PBXSourcesBuildPhase;
			buildActionMask = 2147483647;
			files = (
			);
			runOnlyForDeploymentPostprocessing = 0;
		};
		FC7911112E464C2900F1EAB4 /* Sources */ = {
			isa = PBXSourcesBuildPhase;
			buildActionMask = 2147483647;
			files = (
				FC7911422E464D4300F1EAB4 /* macOSEmojiPositioner.swift in Sources */,
				FC7911442E464D9A00F1EAB4 /* ClassicGameEngine.swift in Sources */,
				FC7911622E465EB300F1EAB4 /* LeaderboardService.swift in Sources */,
				FC79115D2E465E6C00F1EAB4 /* LeaderboardModels.swift in Sources */,
				FC7911452E464D9A00F1EAB4 /* PlatformGameState.swift in Sources */,
				FC7911462E464D9A00F1EAB4 /* GameEngine.swift in Sources */,
				FC7911472E464D9A00F1EAB4 /* PenguinBallEngine.swift in Sources */,
				FC79114D2E464DA400F1EAB4 /* AnimatedPositionChangeView.swift in Sources */,
				FC79114E2E464DA400F1EAB4 /* GameEndScreen.swift in Sources */,
				FC79114F2E464DA400F1EAB4 /* CelebratingPenguinView.swift in Sources */,
				FC7911532E464EFC00F1EAB4 /* HighScoreResetView.swift in Sources */,
				FC7911502E464DA400F1EAB4 /* AnimatedEmojiView.swift in Sources */,
				FC7911512E464DA400F1EAB4 /* DancingEmojiView.swift in Sources */,
				FC7911482E464D9F00F1EAB4 /* GameEmoji.swift in Sources */,
				FC7911492E464D9F00F1EAB4 /* GameMode.swift in Sources */,
				FC79114A2E464D9F00F1EAB4 /* GameLevel.swift in Sources */,
				FC7911592E465E5F00F1EAB4 /* LeaderboardView.swift in Sources */,
				FC79114B2E464D9F00F1EAB4 /* AnimatedPositionChange.swift in Sources */,
				FC79114C2E464D9F00F1EAB4 /* AnimatedEmoji.swift in Sources */,
			);
			runOnlyForDeploymentPostprocessing = 0;
		};
		FC7911212E464C2A00F1EAB4 /* Sources */ = {
			isa = PBXSourcesBuildPhase;
			buildActionMask = 2147483647;
			files = (
			);
			runOnlyForDeploymentPostprocessing = 0;
		};
		FC79112B2E464C2A00F1EAB4 /* Sources */ = {
			isa = PBXSourcesBuildPhase;
			buildActionMask = 2147483647;
			files = (
			);
			runOnlyForDeploymentPostprocessing = 0;
		};
/* End PBXSourcesBuildPhase section */

/* Begin PBXTargetDependency section */
		FC0ADA522E26057000A4D0F6 /* PBXTargetDependency */ = {
			isa = PBXTargetDependency;
			target = FC0ADA4E2E26057000A4D0F6 /* EmojiTapper Watch App */;
			targetProxy = FC0ADA512E26057000A4D0F6 /* PBXContainerItemProxy */;
		};
		FC0ADA632E26057100A4D0F6 /* PBXTargetDependency */ = {
			isa = PBXTargetDependency;
			target = FC0ADA4E2E26057000A4D0F6 /* EmojiTapper Watch App */;
			targetProxy = FC0ADA622E26057100A4D0F6 /* PBXContainerItemProxy */;
		};
		FC0ADA6D2E26057100A4D0F6 /* PBXTargetDependency */ = {
			isa = PBXTargetDependency;
			target = FC0ADA4E2E26057000A4D0F6 /* EmojiTapper Watch App */;
			targetProxy = FC0ADA6C2E26057100A4D0F6 /* PBXContainerItemProxy */;
		};
		FC7910832E458C8400F1EAB4 /* PBXTargetDependency */ = {
			isa = PBXTargetDependency;
			target = FC7910712E458C8300F1EAB4 /* EmojiTapperMobile */;
			targetProxy = FC7910822E458C8400F1EAB4 /* PBXContainerItemProxy */;
		};
		FC79108D2E458C8400F1EAB4 /* PBXTargetDependency */ = {
			isa = PBXTargetDependency;
			target = FC7910712E458C8300F1EAB4 /* EmojiTapperMobile */;
			targetProxy = FC79108C2E458C8400F1EAB4 /* PBXContainerItemProxy */;
		};
		FC7911272E464C2A00F1EAB4 /* PBXTargetDependency */ = {
			isa = PBXTargetDependency;
			target = FC7911142E464C2900F1EAB4 /* EmojiTapperMac */;
			targetProxy = FC7911262E464C2A00F1EAB4 /* PBXContainerItemProxy */;
		};
		FC7911312E464C2A00F1EAB4 /* PBXTargetDependency */ = {
			isa = PBXTargetDependency;
			target = FC7911142E464C2900F1EAB4 /* EmojiTapperMac */;
			targetProxy = FC7911302E464C2A00F1EAB4 /* PBXContainerItemProxy */;
		};
/* End PBXTargetDependency section */

/* Begin XCBuildConfiguration section */
		FC0ADA732E26057100A4D0F6 /* Debug */ = {
			isa = XCBuildConfiguration;
			buildSettings = {
				ALWAYS_SEARCH_USER_PATHS = NO;
				ASSETCATALOG_COMPILER_GENERATE_SWIFT_ASSET_SYMBOL_EXTENSIONS = YES;
				CLANG_ANALYZER_NONNULL = YES;
				CLANG_ANALYZER_NUMBER_OBJECT_CONVERSION = YES_AGGRESSIVE;
				CLANG_CXX_LANGUAGE_STANDARD = "gnu++20";
				CLANG_ENABLE_MODULES = YES;
				CLANG_ENABLE_OBJC_ARC = YES;
				CLANG_ENABLE_OBJC_WEAK = YES;
				CLANG_WARN_BLOCK_CAPTURE_AUTORELEASING = YES;
				CLANG_WARN_BOOL_CONVERSION = YES;
				CLANG_WARN_COMMA = YES;
				CLANG_WARN_CONSTANT_CONVERSION = YES;
				CLANG_WARN_DEPRECATED_OBJC_IMPLEMENTATIONS = YES;
				CLANG_WARN_DIRECT_OBJC_ISA_USAGE = YES_ERROR;
				CLANG_WARN_DOCUMENTATION_COMMENTS = YES;
				CLANG_WARN_EMPTY_BODY = YES;
				CLANG_WARN_ENUM_CONVERSION = YES;
				CLANG_WARN_INFINITE_RECURSION = YES;
				CLANG_WARN_INT_CONVERSION = YES;
				CLANG_WARN_NON_LITERAL_NULL_CONVERSION = YES;
				CLANG_WARN_OBJC_IMPLICIT_RETAIN_SELF = YES;
				CLANG_WARN_OBJC_LITERAL_CONVERSION = YES;
				CLANG_WARN_OBJC_ROOT_CLASS = YES_ERROR;
				CLANG_WARN_QUOTED_INCLUDE_IN_FRAMEWORK_HEADER = YES;
				CLANG_WARN_RANGE_LOOP_ANALYSIS = YES;
				CLANG_WARN_STRICT_PROTOTYPES = YES;
				CLANG_WARN_SUSPICIOUS_MOVE = YES;
				CLANG_WARN_UNGUARDED_AVAILABILITY = YES_AGGRESSIVE;
				CLANG_WARN_UNREACHABLE_CODE = YES;
				CLANG_WARN__DUPLICATE_METHOD_MATCH = YES;
				COPY_PHASE_STRIP = NO;
				DEBUG_INFORMATION_FORMAT = dwarf;
				ENABLE_STRICT_OBJC_MSGSEND = YES;
				ENABLE_TESTABILITY = YES;
				ENABLE_USER_SCRIPT_SANDBOXING = YES;
				GCC_C_LANGUAGE_STANDARD = gnu17;
				GCC_DYNAMIC_NO_PIC = NO;
				GCC_NO_COMMON_BLOCKS = YES;
				GCC_OPTIMIZATION_LEVEL = 0;
				GCC_PREPROCESSOR_DEFINITIONS = (
					"DEBUG=1",
					"$(inherited)",
				);
				GCC_WARN_64_TO_32_BIT_CONVERSION = YES;
				GCC_WARN_ABOUT_RETURN_TYPE = YES_ERROR;
				GCC_WARN_UNDECLARED_SELECTOR = YES;
				GCC_WARN_UNINITIALIZED_AUTOS = YES_AGGRESSIVE;
				GCC_WARN_UNUSED_FUNCTION = YES;
				GCC_WARN_UNUSED_VARIABLE = YES;
				LOCALIZATION_PREFERS_STRING_CATALOGS = YES;
				MTL_ENABLE_DEBUG_INFO = INCLUDE_SOURCE;
				MTL_FAST_MATH = YES;
				ONLY_ACTIVE_ARCH = YES;
				SWIFT_ACTIVE_COMPILATION_CONDITIONS = "DEBUG $(inherited)";
				SWIFT_OPTIMIZATION_LEVEL = "-Onone";
			};
			name = Debug;
		};
		FC0ADA742E26057100A4D0F6 /* Release */ = {
			isa = XCBuildConfiguration;
			buildSettings = {
				ALWAYS_SEARCH_USER_PATHS = NO;
				ASSETCATALOG_COMPILER_GENERATE_SWIFT_ASSET_SYMBOL_EXTENSIONS = YES;
				CLANG_ANALYZER_NONNULL = YES;
				CLANG_ANALYZER_NUMBER_OBJECT_CONVERSION = YES_AGGRESSIVE;
				CLANG_CXX_LANGUAGE_STANDARD = "gnu++20";
				CLANG_ENABLE_MODULES = YES;
				CLANG_ENABLE_OBJC_ARC = YES;
				CLANG_ENABLE_OBJC_WEAK = YES;
				CLANG_WARN_BLOCK_CAPTURE_AUTORELEASING = YES;
				CLANG_WARN_BOOL_CONVERSION = YES;
				CLANG_WARN_COMMA = YES;
				CLANG_WARN_CONSTANT_CONVERSION = YES;
				CLANG_WARN_DEPRECATED_OBJC_IMPLEMENTATIONS = YES;
				CLANG_WARN_DIRECT_OBJC_ISA_USAGE = YES_ERROR;
				CLANG_WARN_DOCUMENTATION_COMMENTS = YES;
				CLANG_WARN_EMPTY_BODY = YES;
				CLANG_WARN_ENUM_CONVERSION = YES;
				CLANG_WARN_INFINITE_RECURSION = YES;
				CLANG_WARN_INT_CONVERSION = YES;
				CLANG_WARN_NON_LITERAL_NULL_CONVERSION = YES;
				CLANG_WARN_OBJC_IMPLICIT_RETAIN_SELF = YES;
				CLANG_WARN_OBJC_LITERAL_CONVERSION = YES;
				CLANG_WARN_OBJC_ROOT_CLASS = YES_ERROR;
				CLANG_WARN_QUOTED_INCLUDE_IN_FRAMEWORK_HEADER = YES;
				CLANG_WARN_RANGE_LOOP_ANALYSIS = YES;
				CLANG_WARN_STRICT_PROTOTYPES = YES;
				CLANG_WARN_SUSPICIOUS_MOVE = YES;
				CLANG_WARN_UNGUARDED_AVAILABILITY = YES_AGGRESSIVE;
				CLANG_WARN_UNREACHABLE_CODE = YES;
				CLANG_WARN__DUPLICATE_METHOD_MATCH = YES;
				COPY_PHASE_STRIP = NO;
				DEBUG_INFORMATION_FORMAT = "dwarf-with-dsym";
				ENABLE_NS_ASSERTIONS = NO;
				ENABLE_STRICT_OBJC_MSGSEND = YES;
				ENABLE_USER_SCRIPT_SANDBOXING = YES;
				GCC_C_LANGUAGE_STANDARD = gnu17;
				GCC_NO_COMMON_BLOCKS = YES;
				GCC_WARN_64_TO_32_BIT_CONVERSION = YES;
				GCC_WARN_ABOUT_RETURN_TYPE = YES_ERROR;
				GCC_WARN_UNDECLARED_SELECTOR = YES;
				GCC_WARN_UNINITIALIZED_AUTOS = YES_AGGRESSIVE;
				GCC_WARN_UNUSED_FUNCTION = YES;
				GCC_WARN_UNUSED_VARIABLE = YES;
				LOCALIZATION_PREFERS_STRING_CATALOGS = YES;
				MTL_ENABLE_DEBUG_INFO = NO;
				MTL_FAST_MATH = YES;
				SWIFT_COMPILATION_MODE = wholemodule;
			};
			name = Release;
		};
		FC0ADA762E26057100A4D0F6 /* Debug */ = {
			isa = XCBuildConfiguration;
			buildSettings = {
				ASSETCATALOG_COMPILER_APPICON_NAME = AppIcon;
				ASSETCATALOG_COMPILER_GLOBAL_ACCENT_COLOR_NAME = AccentColor;
				CODE_SIGN_STYLE = Automatic;
				CURRENT_PROJECT_VERSION = 1;
				DEVELOPMENT_ASSET_PATHS = "\"EmojiTapper Watch App/Preview Content\"";
				DEVELOPMENT_TEAM = 6PK2RYRL26;
				ENABLE_PREVIEWS = YES;
				GENERATE_INFOPLIST_FILE = YES;
				INFOPLIST_FILE = "EmojiTapper-Watch-App-Info.plist";
				INFOPLIST_KEY_CFBundleDisplayName = EmojiTapper;
				INFOPLIST_KEY_UISupportedInterfaceOrientations = "UIInterfaceOrientationPortrait UIInterfaceOrientationPortraitUpsideDown";
				INFOPLIST_KEY_WKWatchOnly = YES;
				LD_RUNPATH_SEARCH_PATHS = (
					"$(inherited)",
					"@executable_path/Frameworks",
				);
				MARKETING_VERSION = 1.0;
				PRODUCT_BUNDLE_IDENTIFIER = com.joshestelle.EmojiTapper.watchkitapp;
				PRODUCT_NAME = "$(TARGET_NAME)";
				SDKROOT = watchos;
				SKIP_INSTALL = YES;
				SWIFT_EMIT_LOC_STRINGS = YES;
				SWIFT_VERSION = 5.0;
				TARGETED_DEVICE_FAMILY = 4;
				WATCHOS_DEPLOYMENT_TARGET = 11.2;
			};
			name = Debug;
		};
		FC0ADA772E26057100A4D0F6 /* Release */ = {
			isa = XCBuildConfiguration;
			buildSettings = {
				ASSETCATALOG_COMPILER_APPICON_NAME = AppIcon;
				ASSETCATALOG_COMPILER_GLOBAL_ACCENT_COLOR_NAME = AccentColor;
				CODE_SIGN_STYLE = Automatic;
				CURRENT_PROJECT_VERSION = 1;
				DEVELOPMENT_ASSET_PATHS = "\"EmojiTapper Watch App/Preview Content\"";
				DEVELOPMENT_TEAM = 6PK2RYRL26;
				ENABLE_PREVIEWS = YES;
				GENERATE_INFOPLIST_FILE = YES;
				INFOPLIST_FILE = "EmojiTapper-Watch-App-Info.plist";
				INFOPLIST_KEY_CFBundleDisplayName = EmojiTapper;
				INFOPLIST_KEY_UISupportedInterfaceOrientations = "UIInterfaceOrientationPortrait UIInterfaceOrientationPortraitUpsideDown";
				INFOPLIST_KEY_WKWatchOnly = YES;
				LD_RUNPATH_SEARCH_PATHS = (
					"$(inherited)",
					"@executable_path/Frameworks",
				);
				MARKETING_VERSION = 1.0;
				PRODUCT_BUNDLE_IDENTIFIER = com.joshestelle.EmojiTapper.watchkitapp;
				PRODUCT_NAME = "$(TARGET_NAME)";
				SDKROOT = watchos;
				SKIP_INSTALL = YES;
				SWIFT_EMIT_LOC_STRINGS = YES;
				SWIFT_VERSION = 5.0;
				TARGETED_DEVICE_FAMILY = 4;
				VALIDATE_PRODUCT = YES;
				WATCHOS_DEPLOYMENT_TARGET = 11.2;
			};
			name = Release;
		};
		FC0ADA7A2E26057100A4D0F6 /* Debug */ = {
			isa = XCBuildConfiguration;
			buildSettings = {
				CODE_SIGN_STYLE = Automatic;
				CURRENT_PROJECT_VERSION = 1;
				DEVELOPMENT_TEAM = 6PK2RYRL26;
				INFOPLIST_KEY_CFBundleDisplayName = EmojiTapper;
				MARKETING_VERSION = 1.0;
				PRODUCT_BUNDLE_IDENTIFIER = com.joshestelle.EmojiTapper;
				PRODUCT_NAME = "$(TARGET_NAME)";
				SDKROOT = iphoneos;
				SWIFT_VERSION = 5.0;
			};
			name = Debug;
		};
		FC0ADA7B2E26057100A4D0F6 /* Release */ = {
			isa = XCBuildConfiguration;
			buildSettings = {
				CODE_SIGN_STYLE = Automatic;
				CURRENT_PROJECT_VERSION = 1;
				DEVELOPMENT_TEAM = 6PK2RYRL26;
				INFOPLIST_KEY_CFBundleDisplayName = EmojiTapper;
				MARKETING_VERSION = 1.0;
				PRODUCT_BUNDLE_IDENTIFIER = com.joshestelle.EmojiTapper;
				PRODUCT_NAME = "$(TARGET_NAME)";
				SDKROOT = iphoneos;
				SWIFT_VERSION = 5.0;
				VALIDATE_PRODUCT = YES;
			};
			name = Release;
		};
		FC0ADA7D2E26057100A4D0F6 /* Debug */ = {
			isa = XCBuildConfiguration;
			buildSettings = {
				BUNDLE_LOADER = "$(TEST_HOST)";
				CODE_SIGN_STYLE = Automatic;
				CURRENT_PROJECT_VERSION = 1;
				DEVELOPMENT_TEAM = 6PK2RYRL26;
				GENERATE_INFOPLIST_FILE = YES;
				MARKETING_VERSION = 1.0;
				PRODUCT_BUNDLE_IDENTIFIER = "com.joshestelle.EmojiTapper-Watch-AppTests";
				PRODUCT_NAME = "$(TARGET_NAME)";
				SDKROOT = watchos;
				SWIFT_EMIT_LOC_STRINGS = NO;
				SWIFT_VERSION = 5.0;
				TARGETED_DEVICE_FAMILY = 4;
				TEST_HOST = "$(BUILT_PRODUCTS_DIR)/EmojiTapper Watch App.app/$(BUNDLE_EXECUTABLE_FOLDER_PATH)/EmojiTapper Watch App";
				WATCHOS_DEPLOYMENT_TARGET = 11.2;
			};
			name = Debug;
		};
		FC0ADA7E2E26057100A4D0F6 /* Release */ = {
			isa = XCBuildConfiguration;
			buildSettings = {
				BUNDLE_LOADER = "$(TEST_HOST)";
				CODE_SIGN_STYLE = Automatic;
				CURRENT_PROJECT_VERSION = 1;
				DEVELOPMENT_TEAM = 6PK2RYRL26;
				GENERATE_INFOPLIST_FILE = YES;
				MARKETING_VERSION = 1.0;
				PRODUCT_BUNDLE_IDENTIFIER = "com.joshestelle.EmojiTapper-Watch-AppTests";
				PRODUCT_NAME = "$(TARGET_NAME)";
				SDKROOT = watchos;
				SWIFT_EMIT_LOC_STRINGS = NO;
				SWIFT_VERSION = 5.0;
				TARGETED_DEVICE_FAMILY = 4;
				TEST_HOST = "$(BUILT_PRODUCTS_DIR)/EmojiTapper Watch App.app/$(BUNDLE_EXECUTABLE_FOLDER_PATH)/EmojiTapper Watch App";
				VALIDATE_PRODUCT = YES;
				WATCHOS_DEPLOYMENT_TARGET = 11.2;
			};
			name = Release;
		};
		FC0ADA802E26057100A4D0F6 /* Debug */ = {
			isa = XCBuildConfiguration;
			buildSettings = {
				CODE_SIGN_STYLE = Automatic;
				CURRENT_PROJECT_VERSION = 1;
				DEVELOPMENT_TEAM = 6PK2RYRL26;
				GENERATE_INFOPLIST_FILE = YES;
				MARKETING_VERSION = 1.0;
				PRODUCT_BUNDLE_IDENTIFIER = "com.joshestelle.EmojiTapper-Watch-AppUITests";
				PRODUCT_NAME = "$(TARGET_NAME)";
				SDKROOT = watchos;
				SWIFT_EMIT_LOC_STRINGS = NO;
				SWIFT_VERSION = 5.0;
				TARGETED_DEVICE_FAMILY = 4;
				TEST_TARGET_NAME = "EmojiTapper Watch App";
				WATCHOS_DEPLOYMENT_TARGET = 11.2;
			};
			name = Debug;
		};
		FC0ADA812E26057100A4D0F6 /* Release */ = {
			isa = XCBuildConfiguration;
			buildSettings = {
				CODE_SIGN_STYLE = Automatic;
				CURRENT_PROJECT_VERSION = 1;
				DEVELOPMENT_TEAM = 6PK2RYRL26;
				GENERATE_INFOPLIST_FILE = YES;
				MARKETING_VERSION = 1.0;
				PRODUCT_BUNDLE_IDENTIFIER = "com.joshestelle.EmojiTapper-Watch-AppUITests";
				PRODUCT_NAME = "$(TARGET_NAME)";
				SDKROOT = watchos;
				SWIFT_EMIT_LOC_STRINGS = NO;
				SWIFT_VERSION = 5.0;
				TARGETED_DEVICE_FAMILY = 4;
				TEST_TARGET_NAME = "EmojiTapper Watch App";
				VALIDATE_PRODUCT = YES;
				WATCHOS_DEPLOYMENT_TARGET = 11.2;
			};
			name = Release;
		};
		FC7910932E458C8400F1EAB4 /* Debug */ = {
			isa = XCBuildConfiguration;
			buildSettings = {
				ASSETCATALOG_COMPILER_APPICON_NAME = AppIcon;
				ASSETCATALOG_COMPILER_GLOBAL_ACCENT_COLOR_NAME = AccentColor;
				CODE_SIGN_STYLE = Automatic;
				CURRENT_PROJECT_VERSION = 1;
				DEVELOPMENT_ASSET_PATHS = "\"EmojiTapperMobile/Preview Content\"";
				DEVELOPMENT_TEAM = 6PK2RYRL26;
				ENABLE_PREVIEWS = YES;
				GENERATE_INFOPLIST_FILE = YES;
				INFOPLIST_FILE = EmojiTapperMobile/Info.plist;
				INFOPLIST_KEY_UIApplicationSceneManifest_Generation = YES;
				INFOPLIST_KEY_UIApplicationSupportsIndirectInputEvents = YES;
				INFOPLIST_KEY_UILaunchScreen_Generation = YES;
				INFOPLIST_KEY_UISupportedInterfaceOrientations_iPad = "UIInterfaceOrientationPortrait UIInterfaceOrientationPortraitUpsideDown UIInterfaceOrientationLandscapeLeft UIInterfaceOrientationLandscapeRight";
				INFOPLIST_KEY_UISupportedInterfaceOrientations_iPhone = "UIInterfaceOrientationPortrait UIInterfaceOrientationLandscapeLeft UIInterfaceOrientationLandscapeRight";
				IPHONEOS_DEPLOYMENT_TARGET = 18.2;
				LD_RUNPATH_SEARCH_PATHS = (
					"$(inherited)",
					"@executable_path/Frameworks",
				);
				MARKETING_VERSION = 1.0;
				PRODUCT_BUNDLE_IDENTIFIER = com.joshestelle.EmojiTapperMobile;
				PRODUCT_NAME = "$(TARGET_NAME)";
				SDKROOT = iphoneos;
				SUPPORTED_PLATFORMS = "iphoneos iphonesimulator";
				SUPPORTS_MACCATALYST = NO;
				SUPPORTS_MAC_DESIGNED_FOR_IPHONE_IPAD = NO;
				SWIFT_EMIT_LOC_STRINGS = YES;
				SWIFT_VERSION = 5.0;
				TARGETED_DEVICE_FAMILY = "1,2";
			};
			name = Debug;
		};
		FC7910942E458C8400F1EAB4 /* Release */ = {
			isa = XCBuildConfiguration;
			buildSettings = {
				ASSETCATALOG_COMPILER_APPICON_NAME = AppIcon;
				ASSETCATALOG_COMPILER_GLOBAL_ACCENT_COLOR_NAME = AccentColor;
				CODE_SIGN_STYLE = Automatic;
				CURRENT_PROJECT_VERSION = 1;
				DEVELOPMENT_ASSET_PATHS = "\"EmojiTapperMobile/Preview Content\"";
				DEVELOPMENT_TEAM = 6PK2RYRL26;
				ENABLE_PREVIEWS = YES;
				GENERATE_INFOPLIST_FILE = YES;
				INFOPLIST_FILE = EmojiTapperMobile/Info.plist;
				INFOPLIST_KEY_UIApplicationSceneManifest_Generation = YES;
				INFOPLIST_KEY_UIApplicationSupportsIndirectInputEvents = YES;
				INFOPLIST_KEY_UILaunchScreen_Generation = YES;
				INFOPLIST_KEY_UISupportedInterfaceOrientations_iPad = "UIInterfaceOrientationPortrait UIInterfaceOrientationPortraitUpsideDown UIInterfaceOrientationLandscapeLeft UIInterfaceOrientationLandscapeRight";
				INFOPLIST_KEY_UISupportedInterfaceOrientations_iPhone = "UIInterfaceOrientationPortrait UIInterfaceOrientationLandscapeLeft UIInterfaceOrientationLandscapeRight";
				IPHONEOS_DEPLOYMENT_TARGET = 18.2;
				LD_RUNPATH_SEARCH_PATHS = (
					"$(inherited)",
					"@executable_path/Frameworks",
				);
				MARKETING_VERSION = 1.0;
				PRODUCT_BUNDLE_IDENTIFIER = com.joshestelle.EmojiTapperMobile;
				PRODUCT_NAME = "$(TARGET_NAME)";
				SDKROOT = iphoneos;
				SUPPORTED_PLATFORMS = "iphoneos iphonesimulator";
				SUPPORTS_MACCATALYST = NO;
				SUPPORTS_MAC_DESIGNED_FOR_IPHONE_IPAD = NO;
				SWIFT_EMIT_LOC_STRINGS = YES;
				SWIFT_VERSION = 5.0;
				TARGETED_DEVICE_FAMILY = "1,2";
				VALIDATE_PRODUCT = YES;
			};
			name = Release;
		};
		FC7910952E458C8400F1EAB4 /* Debug */ = {
			isa = XCBuildConfiguration;
			buildSettings = {
				BUNDLE_LOADER = "$(TEST_HOST)";
				CODE_SIGN_STYLE = Automatic;
				CURRENT_PROJECT_VERSION = 1;
				DEVELOPMENT_TEAM = 6PK2RYRL26;
				GENERATE_INFOPLIST_FILE = YES;
				IPHONEOS_DEPLOYMENT_TARGET = 18.2;
				MARKETING_VERSION = 1.0;
				PRODUCT_BUNDLE_IDENTIFIER = com.joshestelle.EmojiTapperMobileTests;
				PRODUCT_NAME = "$(TARGET_NAME)";
				SDKROOT = iphoneos;
				SWIFT_EMIT_LOC_STRINGS = NO;
				SWIFT_VERSION = 5.0;
				TARGETED_DEVICE_FAMILY = "1,2";
				TEST_HOST = "$(BUILT_PRODUCTS_DIR)/EmojiTapperMobile.app/$(BUNDLE_EXECUTABLE_FOLDER_PATH)/EmojiTapperMobile";
			};
			name = Debug;
		};
		FC7910962E458C8400F1EAB4 /* Release */ = {
			isa = XCBuildConfiguration;
			buildSettings = {
				BUNDLE_LOADER = "$(TEST_HOST)";
				CODE_SIGN_STYLE = Automatic;
				CURRENT_PROJECT_VERSION = 1;
				DEVELOPMENT_TEAM = 6PK2RYRL26;
				GENERATE_INFOPLIST_FILE = YES;
				IPHONEOS_DEPLOYMENT_TARGET = 18.2;
				MARKETING_VERSION = 1.0;
				PRODUCT_BUNDLE_IDENTIFIER = com.joshestelle.EmojiTapperMobileTests;
				PRODUCT_NAME = "$(TARGET_NAME)";
				SDKROOT = iphoneos;
				SWIFT_EMIT_LOC_STRINGS = NO;
				SWIFT_VERSION = 5.0;
				TARGETED_DEVICE_FAMILY = "1,2";
				TEST_HOST = "$(BUILT_PRODUCTS_DIR)/EmojiTapperMobile.app/$(BUNDLE_EXECUTABLE_FOLDER_PATH)/EmojiTapperMobile";
				VALIDATE_PRODUCT = YES;
			};
			name = Release;
		};
		FC7910972E458C8400F1EAB4 /* Debug */ = {
			isa = XCBuildConfiguration;
			buildSettings = {
				CODE_SIGN_STYLE = Automatic;
				CURRENT_PROJECT_VERSION = 1;
				DEVELOPMENT_TEAM = 6PK2RYRL26;
				GENERATE_INFOPLIST_FILE = YES;
				IPHONEOS_DEPLOYMENT_TARGET = 18.2;
				MARKETING_VERSION = 1.0;
				PRODUCT_BUNDLE_IDENTIFIER = com.joshestelle.EmojiTapperMobileUITests;
				PRODUCT_NAME = "$(TARGET_NAME)";
				SDKROOT = iphoneos;
				SWIFT_EMIT_LOC_STRINGS = NO;
				SWIFT_VERSION = 5.0;
				TARGETED_DEVICE_FAMILY = "1,2";
				TEST_TARGET_NAME = EmojiTapperMobile;
			};
			name = Debug;
		};
		FC7910982E458C8400F1EAB4 /* Release */ = {
			isa = XCBuildConfiguration;
			buildSettings = {
				CODE_SIGN_STYLE = Automatic;
				CURRENT_PROJECT_VERSION = 1;
				DEVELOPMENT_TEAM = 6PK2RYRL26;
				GENERATE_INFOPLIST_FILE = YES;
				IPHONEOS_DEPLOYMENT_TARGET = 18.2;
				MARKETING_VERSION = 1.0;
				PRODUCT_BUNDLE_IDENTIFIER = com.joshestelle.EmojiTapperMobileUITests;
				PRODUCT_NAME = "$(TARGET_NAME)";
				SDKROOT = iphoneos;
				SWIFT_EMIT_LOC_STRINGS = NO;
				SWIFT_VERSION = 5.0;
				TARGETED_DEVICE_FAMILY = "1,2";
				TEST_TARGET_NAME = EmojiTapperMobile;
				VALIDATE_PRODUCT = YES;
			};
			name = Release;
		};
		FC7911382E464C2A00F1EAB4 /* Debug */ = {
			isa = XCBuildConfiguration;
			buildSettings = {
				ASSETCATALOG_COMPILER_APPICON_NAME = AppIcon;
				ASSETCATALOG_COMPILER_GLOBAL_ACCENT_COLOR_NAME = AccentColor;
				CODE_SIGN_ENTITLEMENTS = EmojiTapperMac/EmojiTapperMac.entitlements;
				CODE_SIGN_STYLE = Automatic;
				COMBINE_HIDPI_IMAGES = YES;
				CURRENT_PROJECT_VERSION = 1;
				DEVELOPMENT_ASSET_PATHS = "\"EmojiTapperMac/Preview Content\"";
				DEVELOPMENT_TEAM = 6PK2RYRL26;
				ENABLE_HARDENED_RUNTIME = YES;
				ENABLE_PREVIEWS = YES;
				GENERATE_INFOPLIST_FILE = YES;
				INFOPLIST_FILE = EmojiTapperMac/Info.plist;
				INFOPLIST_KEY_NSHumanReadableCopyright = "";
				LD_RUNPATH_SEARCH_PATHS = (
					"$(inherited)",
					"@executable_path/../Frameworks",
				);
				MACOSX_DEPLOYMENT_TARGET = 15.2;
				MARKETING_VERSION = 1.0;
				PRODUCT_BUNDLE_IDENTIFIER = com.joshestelle.EmojiTapperMac;
				PRODUCT_NAME = "$(TARGET_NAME)";
				SDKROOT = macosx;
				SWIFT_EMIT_LOC_STRINGS = YES;
				SWIFT_VERSION = 5.0;
			};
			name = Debug;
		};
		FC7911392E464C2A00F1EAB4 /* Release */ = {
			isa = XCBuildConfiguration;
			buildSettings = {
				ASSETCATALOG_COMPILER_APPICON_NAME = AppIcon;
				ASSETCATALOG_COMPILER_GLOBAL_ACCENT_COLOR_NAME = AccentColor;
				CODE_SIGN_ENTITLEMENTS = EmojiTapperMac/EmojiTapperMac.entitlements;
				CODE_SIGN_STYLE = Automatic;
				COMBINE_HIDPI_IMAGES = YES;
				CURRENT_PROJECT_VERSION = 1;
				DEVELOPMENT_ASSET_PATHS = "\"EmojiTapperMac/Preview Content\"";
				DEVELOPMENT_TEAM = 6PK2RYRL26;
				ENABLE_HARDENED_RUNTIME = YES;
				ENABLE_PREVIEWS = YES;
				GENERATE_INFOPLIST_FILE = YES;
				INFOPLIST_FILE = EmojiTapperMac/Info.plist;
				INFOPLIST_KEY_NSHumanReadableCopyright = "";
				LD_RUNPATH_SEARCH_PATHS = (
					"$(inherited)",
					"@executable_path/../Frameworks",
				);
				MACOSX_DEPLOYMENT_TARGET = 15.2;
				MARKETING_VERSION = 1.0;
				PRODUCT_BUNDLE_IDENTIFIER = com.joshestelle.EmojiTapperMac;
				PRODUCT_NAME = "$(TARGET_NAME)";
				SDKROOT = macosx;
				SWIFT_EMIT_LOC_STRINGS = YES;
				SWIFT_VERSION = 5.0;
			};
			name = Release;
		};
		FC79113B2E464C2A00F1EAB4 /* Debug */ = {
			isa = XCBuildConfiguration;
			buildSettings = {
				BUNDLE_LOADER = "$(TEST_HOST)";
				CODE_SIGN_STYLE = Automatic;
				CURRENT_PROJECT_VERSION = 1;
				DEVELOPMENT_TEAM = 6PK2RYRL26;
				GENERATE_INFOPLIST_FILE = YES;
				MACOSX_DEPLOYMENT_TARGET = 15.2;
				MARKETING_VERSION = 1.0;
				PRODUCT_BUNDLE_IDENTIFIER = com.joshestelle.EmojiTapperMacTests;
				PRODUCT_NAME = "$(TARGET_NAME)";
				SDKROOT = macosx;
				SWIFT_EMIT_LOC_STRINGS = NO;
				SWIFT_VERSION = 5.0;
				TEST_HOST = "$(BUILT_PRODUCTS_DIR)/EmojiTapperMac.app/$(BUNDLE_EXECUTABLE_FOLDER_PATH)/EmojiTapperMac";
			};
			name = Debug;
		};
		FC79113C2E464C2A00F1EAB4 /* Release */ = {
			isa = XCBuildConfiguration;
			buildSettings = {
				BUNDLE_LOADER = "$(TEST_HOST)";
				CODE_SIGN_STYLE = Automatic;
				CURRENT_PROJECT_VERSION = 1;
				DEVELOPMENT_TEAM = 6PK2RYRL26;
				GENERATE_INFOPLIST_FILE = YES;
				MACOSX_DEPLOYMENT_TARGET = 15.2;
				MARKETING_VERSION = 1.0;
				PRODUCT_BUNDLE_IDENTIFIER = com.joshestelle.EmojiTapperMacTests;
				PRODUCT_NAME = "$(TARGET_NAME)";
				SDKROOT = macosx;
				SWIFT_EMIT_LOC_STRINGS = NO;
				SWIFT_VERSION = 5.0;
				TEST_HOST = "$(BUILT_PRODUCTS_DIR)/EmojiTapperMac.app/$(BUNDLE_EXECUTABLE_FOLDER_PATH)/EmojiTapperMac";
			};
			name = Release;
		};
		FC79113E2E464C2A00F1EAB4 /* Debug */ = {
			isa = XCBuildConfiguration;
			buildSettings = {
				CODE_SIGN_STYLE = Automatic;
				CURRENT_PROJECT_VERSION = 1;
				DEVELOPMENT_TEAM = 6PK2RYRL26;
				GENERATE_INFOPLIST_FILE = YES;
				MACOSX_DEPLOYMENT_TARGET = 15.2;
				MARKETING_VERSION = 1.0;
				PRODUCT_BUNDLE_IDENTIFIER = com.joshestelle.EmojiTapperMacUITests;
				PRODUCT_NAME = "$(TARGET_NAME)";
				SDKROOT = macosx;
				SWIFT_EMIT_LOC_STRINGS = NO;
				SWIFT_VERSION = 5.0;
				TEST_TARGET_NAME = EmojiTapperMac;
			};
			name = Debug;
		};
		FC79113F2E464C2A00F1EAB4 /* Release */ = {
			isa = XCBuildConfiguration;
			buildSettings = {
				CODE_SIGN_STYLE = Automatic;
				CURRENT_PROJECT_VERSION = 1;
				DEVELOPMENT_TEAM = 6PK2RYRL26;
				GENERATE_INFOPLIST_FILE = YES;
				MACOSX_DEPLOYMENT_TARGET = 15.2;
				MARKETING_VERSION = 1.0;
				PRODUCT_BUNDLE_IDENTIFIER = com.joshestelle.EmojiTapperMacUITests;
				PRODUCT_NAME = "$(TARGET_NAME)";
				SDKROOT = macosx;
				SWIFT_EMIT_LOC_STRINGS = NO;
				SWIFT_VERSION = 5.0;
				TEST_TARGET_NAME = EmojiTapperMac;
			};
			name = Release;
		};
/* End XCBuildConfiguration section */

/* Begin XCConfigurationList section */
		FC0ADA462E26057000A4D0F6 /* Build configuration list for PBXProject "EmojiTapper" */ = {
			isa = XCConfigurationList;
			buildConfigurations = (
				FC0ADA732E26057100A4D0F6 /* Debug */,
				FC0ADA742E26057100A4D0F6 /* Release */,
			);
			defaultConfigurationIsVisible = 0;
			defaultConfigurationName = Release;
		};
		FC0ADA752E26057100A4D0F6 /* Build configuration list for PBXNativeTarget "EmojiTapper Watch App" */ = {
			isa = XCConfigurationList;
			buildConfigurations = (
				FC0ADA762E26057100A4D0F6 /* Debug */,
				FC0ADA772E26057100A4D0F6 /* Release */,
			);
			defaultConfigurationIsVisible = 0;
			defaultConfigurationName = Release;
		};
		FC0ADA792E26057100A4D0F6 /* Build configuration list for PBXNativeTarget "EmojiTapper" */ = {
			isa = XCConfigurationList;
			buildConfigurations = (
				FC0ADA7A2E26057100A4D0F6 /* Debug */,
				FC0ADA7B2E26057100A4D0F6 /* Release */,
			);
			defaultConfigurationIsVisible = 0;
			defaultConfigurationName = Release;
		};
		FC0ADA7C2E26057100A4D0F6 /* Build configuration list for PBXNativeTarget "EmojiTapper Watch AppTests" */ = {
			isa = XCConfigurationList;
			buildConfigurations = (
				FC0ADA7D2E26057100A4D0F6 /* Debug */,
				FC0ADA7E2E26057100A4D0F6 /* Release */,
			);
			defaultConfigurationIsVisible = 0;
			defaultConfigurationName = Release;
		};
		FC0ADA7F2E26057100A4D0F6 /* Build configuration list for PBXNativeTarget "EmojiTapper Watch AppUITests" */ = {
			isa = XCConfigurationList;
			buildConfigurations = (
				FC0ADA802E26057100A4D0F6 /* Debug */,
				FC0ADA812E26057100A4D0F6 /* Release */,
			);
			defaultConfigurationIsVisible = 0;
			defaultConfigurationName = Release;
		};
		FC7910992E458C8400F1EAB4 /* Build configuration list for PBXNativeTarget "EmojiTapperMobile" */ = {
			isa = XCConfigurationList;
			buildConfigurations = (
				FC7910932E458C8400F1EAB4 /* Debug */,
				FC7910942E458C8400F1EAB4 /* Release */,
			);
			defaultConfigurationIsVisible = 0;
			defaultConfigurationName = Release;
		};
		FC79109A2E458C8400F1EAB4 /* Build configuration list for PBXNativeTarget "EmojiTapperMobileTests" */ = {
			isa = XCConfigurationList;
			buildConfigurations = (
				FC7910952E458C8400F1EAB4 /* Debug */,
				FC7910962E458C8400F1EAB4 /* Release */,
			);
			defaultConfigurationIsVisible = 0;
			defaultConfigurationName = Release;
		};
		FC79109B2E458C8400F1EAB4 /* Build configuration list for PBXNativeTarget "EmojiTapperMobileUITests" */ = {
			isa = XCConfigurationList;
			buildConfigurations = (
				FC7910972E458C8400F1EAB4 /* Debug */,
				FC7910982E458C8400F1EAB4 /* Release */,
			);
			defaultConfigurationIsVisible = 0;
			defaultConfigurationName = Release;
		};
		FC7911372E464C2A00F1EAB4 /* Build configuration list for PBXNativeTarget "EmojiTapperMac" */ = {
			isa = XCConfigurationList;
			buildConfigurations = (
				FC7911382E464C2A00F1EAB4 /* Debug */,
				FC7911392E464C2A00F1EAB4 /* Release */,
			);
			defaultConfigurationIsVisible = 0;
			defaultConfigurationName = Release;
		};
		FC79113A2E464C2A00F1EAB4 /* Build configuration list for PBXNativeTarget "EmojiTapperMacTests" */ = {
			isa = XCConfigurationList;
			buildConfigurations = (
				FC79113B2E464C2A00F1EAB4 /* Debug */,
				FC79113C2E464C2A00F1EAB4 /* Release */,
			);
			defaultConfigurationIsVisible = 0;
			defaultConfigurationName = Release;
		};
		FC79113D2E464C2A00F1EAB4 /* Build configuration list for PBXNativeTarget "EmojiTapperMacUITests" */ = {
			isa = XCConfigurationList;
			buildConfigurations = (
				FC79113E2E464C2A00F1EAB4 /* Debug */,
				FC79113F2E464C2A00F1EAB4 /* Release */,
			);
			defaultConfigurationIsVisible = 0;
			defaultConfigurationName = Release;
		};
/* End XCConfigurationList section */
	};
	rootObject = FC0ADA432E26057000A4D0F6 /* Project object */;
}
